
Microsoft Visual Studio Solution File, Format Version 12.00
# Visual Studio 15
VisualStudioVersion = 15.0.28307.572
MinimumVisualStudioVersion = 10.0.40219.1
Project("{FAE04EC0-301F-11D3-BF4B-00C04F79EFBC}") = "AStarPathfinding", "AStarPathfinding\AStarPathfinding.csproj", "{87877F1B-F9C9-4252-937A-3F22A485DFF9}"
EndProject
Global
	GlobalSection(SolutionConfigurationPlatforms) = preSolution
		Debug|Any CPU = Debug|Any CPU
		Release|Any CPU = Release|Any CPU
	EndGlobalSection
	GlobalSection(ProjectConfigurationPlatforms) = postSolution
		{87877F1B-F9C9-4252-937A-3F22A485DFF9}.Debug|Any CPU.ActiveCfg = Debug|Any CPU
		{87877F1B-F9C9-4252-937A-3F22A485DFF9}.Debug|Any CPU.Build.0 = Debug|Any CPU
		{87877F1B-F9C9-4252-937A-3F22A485DFF9}.Release|Any CPU.ActiveCfg = Release|Any CPU
		{87877F1B-F9C9-4252-937A-3F22A485DFF9}.Release|Any CPU.Build.0 = Release|Any CPU
	EndGlobalSection
	GlobalSection(SolutionProperties) = preSolution
		HideSolutionNode = FALSE
	EndGlobalSection
	GlobalSection(ExtensibilityGlobals) = postSolution
		SolutionGuid = {66136C28-6895-4C24-A35E-C4011B72F4B2}
	EndGlobalSection
EndGlobal
